
Microsoft Visual Studio Solution File, Format Version 12.00
# Visual Studio Version 17
VisualStudioVersion = 17.11.35327.3
MinimumVisualStudioVersion = 10.0.40219.1
Project("{E24C65DC-7377-472B-9ABA-BC803B73C61A}") = "214-Site ASP NET C SHARP", ".", "{41633B35-A979-4919-B87D-04B138144A67}"
	ProjectSection(WebsiteProperties) = preProject
		TargetFrameworkMoniker = ".NETFramework,Version%3Dv3.5"
		Debug.AspNetCompiler.VirtualPath = "/localhost_53530"
		Debug.AspNetCompiler.PhysicalPath = "..\214-Site ASP NET C SHARP\"
		Debug.AspNetCompiler.TargetPath = "PrecompiledWeb\localhost_53530\"
		Debug.AspNetCompiler.Updateable = "true"
		Debug.AspNetCompiler.ForceOverwrite = "true"
		Debug.AspNetCompiler.FixedNames = "false"
		Debug.AspNetCompiler.Debug = "True"
		Release.AspNetCompiler.VirtualPath = "/localhost_53530"
		Release.AspNetCompiler.PhysicalPath = "..\214-Site ASP NET C SHARP\"
		Release.AspNetCompiler.TargetPath = "PrecompiledWeb\localhost_53530\"
		Release.AspNetCompiler.Updateable = "true"
		Release.AspNetCompiler.ForceOverwrite = "true"
		Release.AspNetCompiler.FixedNames = "false"
		Release.AspNetCompiler.Debug = "False"
		VWDPort = "53530"
		SlnRelativePath = "..\214-Site ASP NET C SHARP\"
		DefaultWebSiteLanguage = "Visual C#"
	EndProjectSection
EndProject
Global
	GlobalSection(SolutionConfigurationPlatforms) = preSolution
		Debug|Any CPU = Debug|Any CPU
	EndGlobalSection
	GlobalSection(ProjectConfigurationPlatforms) = postSolution
		{41633B35-A979-4919-B87D-04B138144A67}.Debug|Any CPU.ActiveCfg = Debug|Any CPU
		{41633B35-A979-4919-B87D-04B138144A67}.Debug|Any CPU.Build.0 = Debug|Any CPU
	EndGlobalSection
	GlobalSection(SolutionProperties) = preSolution
		HideSolutionNode = FALSE
	EndGlobalSection
	GlobalSection(ExtensibilityGlobals) = postSolution
		SolutionGuid = {9606E62C-E4D9-4E32-B089-0BB652C83197}
	EndGlobalSection
EndGlobal
